
Microsoft Visual Studio Solution File, Format Version 12.00
# Visual Studio Version 17
VisualStudioVersion = 17.5.33516.290
MinimumVisualStudioVersion = 10.0.40219.1
Project("{9A19103F-16F7-4668-BE54-9A1E7A4F7556}") = "diamond-chess-server", "diamond-chess-server\diamond-chess-server.csproj", "{BFAAF58E-CEDB-49A8-809D-DB8EFFBA924C}"
EndProject
Project("{9A19103F-16F7-4668-BE54-9A1E7A4F7556}") = "diamond-chess-client", "diamond-chess-client\diamond-chess-client.csproj", "{681DA7FD-3F78-4C10-A825-ECE648BE9E0A}"
EndProject
Global
	GlobalSection(SolutionConfigurationPlatforms) = preSolution
		Debug|Any CPU = Debug|Any CPU
		Release|Any CPU = Release|Any CPU
	EndGlobalSection
	GlobalSection(ProjectConfigurationPlatforms) = postSolution
		{BFAAF58E-CEDB-49A8-809D-DB8EFFBA924C}.Debug|Any CPU.ActiveCfg = Debug|Any CPU
		{BFAAF58E-CEDB-49A8-809D-DB8EFFBA924C}.Debug|Any CPU.Build.0 = Debug|Any CPU
		{BFAAF58E-CEDB-49A8-809D-DB8EFFBA924C}.Release|Any CPU.ActiveCfg = Release|Any CPU
		{BFAAF58E-CEDB-49A8-809D-DB8EFFBA924C}.Release|Any CPU.Build.0 = Release|Any CPU
		{681DA7FD-3F78-4C10-A825-ECE648BE9E0A}.Debug|Any CPU.ActiveCfg = Debug|Any CPU
		{681DA7FD-3F78-4C10-A825-ECE648BE9E0A}.Debug|Any CPU.Build.0 = Debug|Any CPU
		{681DA7FD-3F78-4C10-A825-ECE648BE9E0A}.Release|Any CPU.ActiveCfg = Release|Any CPU
		{681DA7FD-3F78-4C10-A825-ECE648BE9E0A}.Release|Any CPU.Build.0 = Release|Any CPU
	EndGlobalSection
	GlobalSection(SolutionProperties) = preSolution
		HideSolutionNode = FALSE
	EndGlobalSection
	GlobalSection(ExtensibilityGlobals) = postSolution
		SolutionGuid = {DE7A508B-A066-419E-8982-02F7839DC91E}
	EndGlobalSection
EndGlobal
